// !$*UTF8*$!
{
	archiveVersion = 1;
	classes = {
	};
	objectVersion = 50;
	objects = {

/* Begin PBXBuildFile section */
		8A1AACC922C30D2B00F24E31 /* LocationSearchViewController.swift in Sources */ = {isa = PBXBuildFile; fileRef = 8A1AACC822C30D2B00F24E31 /* LocationSearchViewController.swift */; };
		8A1AACCD22C31C2C00F24E31 /* SelfSizedTableView.swift in Sources */ = {isa = PBXBuildFile; fileRef = 8A1AACCC22C31C2C00F24E31 /* SelfSizedTableView.swift */; };
		8A1AACD022C31F3500F24E31 /* UITableView+Utils.swift in Sources */ = {isa = PBXBuildFile; fileRef = 8A1AACCF22C31F3500F24E31 /* UITableView+Utils.swift */; };
		8A1AACD622C32A0300F24E31 /* SearchResultTableViewCell.swift in Sources */ = {isa = PBXBuildFile; fileRef = 8A1AACD522C32A0300F24E31 /* SearchResultTableViewCell.swift */; };
		8A1AACD822C4453A00F24E31 /* LocationChoiceTableViewCell.swift in Sources */ = {isa = PBXBuildFile; fileRef = 8A1AACD722C4453A00F24E31 /* LocationChoiceTableViewCell.swift */; };
		8A1B6EBD22C1D7C10090537A /* AppDelegate.swift in Sources */ = {isa = PBXBuildFile; fileRef = 8A1B6EBC22C1D7C10090537A /* AppDelegate.swift */; };
		8A1B6EBF22C1D7C10090537A /* HomeViewController.swift in Sources */ = {isa = PBXBuildFile; fileRef = 8A1B6EBE22C1D7C10090537A /* HomeViewController.swift */; };
		8A1B6EC222C1D7C10090537A /* Main.storyboard in Resources */ = {isa = PBXBuildFile; fileRef = 8A1B6EC022C1D7C10090537A /* Main.storyboard */; };
		8A1B6EC422C1D7C20090537A /* Assets.xcassets in Resources */ = {isa = PBXBuildFile; fileRef = 8A1B6EC322C1D7C20090537A /* Assets.xcassets */; };
		8A1B6EC722C1D7C20090537A /* LaunchScreen.storyboard in Resources */ = {isa = PBXBuildFile; fileRef = 8A1B6EC522C1D7C20090537A /* LaunchScreen.storyboard */; };
		8A1B6ED222C1D7C20090537A /* Meetup_SpotTests.swift in Sources */ = {isa = PBXBuildFile; fileRef = 8A1B6ED122C1D7C20090537A /* Meetup_SpotTests.swift */; };
		8A1B6EDD22C1D88B0090537A /* DataManager.swift in Sources */ = {isa = PBXBuildFile; fileRef = 8A1B6EDC22C1D88B0090537A /* DataManager.swift */; };
/* End PBXBuildFile section */

/* Begin PBXContainerItemProxy section */
		8A1B6ECE22C1D7C20090537A /* PBXContainerItemProxy */ = {
			isa = PBXContainerItemProxy;
			containerPortal = 8A1B6EB122C1D7C10090537A /* Project object */;
			proxyType = 1;
			remoteGlobalIDString = 8A1B6EB822C1D7C10090537A;
			remoteInfo = "Meetup Spot";
		};
/* End PBXContainerItemProxy section */

/* Begin PBXFileReference section */
		8A1AACC822C30D2B00F24E31 /* LocationSearchViewController.swift */ = {isa = PBXFileReference; lastKnownFileType = sourcecode.swift; path = LocationSearchViewController.swift; sourceTree = "<group>"; };
		8A1AACCC22C31C2C00F24E31 /* SelfSizedTableView.swift */ = {isa = PBXFileReference; lastKnownFileType = sourcecode.swift; path = SelfSizedTableView.swift; sourceTree = "<group>"; };
		8A1AACCF22C31F3500F24E31 /* UITableView+Utils.swift */ = {isa = PBXFileReference; lastKnownFileType = sourcecode.swift; path = "UITableView+Utils.swift"; sourceTree = "<group>"; };
		8A1AACD522C32A0300F24E31 /* SearchResultTableViewCell.swift */ = {isa = PBXFileReference; lastKnownFileType = sourcecode.swift; path = SearchResultTableViewCell.swift; sourceTree = "<group>"; };
		8A1AACD722C4453A00F24E31 /* LocationChoiceTableViewCell.swift */ = {isa = PBXFileReference; lastKnownFileType = sourcecode.swift; path = LocationChoiceTableViewCell.swift; sourceTree = "<group>"; };
		8A1B6EB922C1D7C10090537A /* Meetup Spot.app */ = {isa = PBXFileReference; explicitFileType = wrapper.application; includeInIndex = 0; path = "Meetup Spot.app"; sourceTree = BUILT_PRODUCTS_DIR; };
		8A1B6EBC22C1D7C10090537A /* AppDelegate.swift */ = {isa = PBXFileReference; lastKnownFileType = sourcecode.swift; path = AppDelegate.swift; sourceTree = "<group>"; };
		8A1B6EBE22C1D7C10090537A /* HomeViewController.swift */ = {isa = PBXFileReference; lastKnownFileType = sourcecode.swift; path = HomeViewController.swift; sourceTree = "<group>"; };
		8A1B6EC122C1D7C10090537A /* Base */ = {isa = PBXFileReference; lastKnownFileType = file.storyboard; name = Base; path = Base.lproj/Main.storyboard; sourceTree = "<group>"; };
		8A1B6EC322C1D7C20090537A /* Assets.xcassets */ = {isa = PBXFileReference; lastKnownFileType = folder.assetcatalog; path = Assets.xcassets; sourceTree = "<group>"; };
		8A1B6EC622C1D7C20090537A /* Base */ = {isa = PBXFileReference; lastKnownFileType = file.storyboard; name = Base; path = Base.lproj/LaunchScreen.storyboard; sourceTree = "<group>"; };
		8A1B6EC822C1D7C20090537A /* Info.plist */ = {isa = PBXFileReference; lastKnownFileType = text.plist.xml; path = Info.plist; sourceTree = "<group>"; };
		8A1B6ECD22C1D7C20090537A /* Meetup SpotTests.xctest */ = {isa = PBXFileReference; explicitFileType = wrapper.cfbundle; includeInIndex = 0; path = "Meetup SpotTests.xctest"; sourceTree = BUILT_PRODUCTS_DIR; };
		8A1B6ED122C1D7C20090537A /* Meetup_SpotTests.swift */ = {isa = PBXFileReference; lastKnownFileType = sourcecode.swift; path = Meetup_SpotTests.swift; sourceTree = "<group>"; };
		8A1B6ED322C1D7C20090537A /* Info.plist */ = {isa = PBXFileReference; lastKnownFileType = text.plist.xml; path = Info.plist; sourceTree = "<group>"; };
		8A1B6EDC22C1D88B0090537A /* DataManager.swift */ = {isa = PBXFileReference; lastKnownFileType = sourcecode.swift; path = DataManager.swift; sourceTree = "<group>"; };
/* End PBXFileReference section */

/* Begin PBXFrameworksBuildPhase section */
		8A1B6EB622C1D7C10090537A /* Frameworks */ = {
			isa = PBXFrameworksBuildPhase;
			buildActionMask = 2147483647;
			files = (
			);
			runOnlyForDeploymentPostprocessing = 0;
		};
		8A1B6ECA22C1D7C20090537A /* Frameworks */ = {
			isa = PBXFrameworksBuildPhase;
			buildActionMask = 2147483647;
			files = (
			);
			runOnlyForDeploymentPostprocessing = 0;
		};
/* End PBXFrameworksBuildPhase section */

/* Begin PBXGroup section */
		8A1AACC522C3089D00F24E31 /* home */ = {
			isa = PBXGroup;
			children = (
				8A1B6EBE22C1D7C10090537A /* HomeViewController.swift */,
			);
			path = home;
			sourceTree = "<group>";
		};
		8A1AACC622C308B200F24E31 /* location search */ = {
			isa = PBXGroup;
			children = (
				8A1B6EDC22C1D88B0090537A /* DataManager.swift */,
				8A1AACC822C30D2B00F24E31 /* LocationSearchViewController.swift */,
				8A1AACD522C32A0300F24E31 /* SearchResultTableViewCell.swift */,
				8A1AACD722C4453A00F24E31 /* LocationChoiceTableViewCell.swift */,
			);
			path = "location search";
			sourceTree = "<group>";
		};
		8A1AACCA22C30D3800F24E31 /* User Interfaces */ = {
			isa = PBXGroup;
			children = (
				8A1B6EC022C1D7C10090537A /* Main.storyboard */,
				8A1B6EC522C1D7C20090537A /* LaunchScreen.storyboard */,
			);
			path = "User Interfaces";
			sourceTree = "<group>";
		};
		8A1AACCB22C30DB500F24E31 /* config */ = {
			isa = PBXGroup;
			children = (
				8A1B6EBC22C1D7C10090537A /* AppDelegate.swift */,
			);
			path = config;
			sourceTree = "<group>";
		};
		8A1AACCE22C31EF000F24E31 /* extensions */ = {
			isa = PBXGroup;
			children = (
				8A1AACCF22C31F3500F24E31 /* UITableView+Utils.swift */,
				8A1AACCC22C31C2C00F24E31 /* SelfSizedTableView.swift */,
			);
			path = extensions;
			sourceTree = "<group>";
		};
		8A1B6EB022C1D7C10090537A = {
			isa = PBXGroup;
			children = (
				8A1B6EBB22C1D7C10090537A /* Meetup Spot */,
				8A1B6ED022C1D7C20090537A /* Meetup SpotTests */,
				8A1B6EBA22C1D7C10090537A /* Products */,
			);
			sourceTree = "<group>";
		};
		8A1B6EBA22C1D7C10090537A /* Products */ = {
			isa = PBXGroup;
			children = (
				8A1B6EB922C1D7C10090537A /* Meetup Spot.app */,
				8A1B6ECD22C1D7C20090537A /* Meetup SpotTests.xctest */,
			);
			name = Products;
			sourceTree = "<group>";
		};
		8A1B6EBB22C1D7C10090537A /* Meetup Spot */ = {
			isa = PBXGroup;
			children = (
				8A1AACCE22C31EF000F24E31 /* extensions */,
				8A1AACCB22C30DB500F24E31 /* config */,
				8A1AACCA22C30D3800F24E31 /* User Interfaces */,
				8A1AACC622C308B200F24E31 /* location search */,
				8A1AACC522C3089D00F24E31 /* home */,
				8A1B6EC322C1D7C20090537A /* Assets.xcassets */,
				8A1B6EC822C1D7C20090537A /* Info.plist */,
			);
			path = "Meetup Spot";
			sourceTree = "<group>";
		};
		8A1B6ED022C1D7C20090537A /* Meetup SpotTests */ = {
			isa = PBXGroup;
			children = (
				8A1B6ED122C1D7C20090537A /* Meetup_SpotTests.swift */,
				8A1B6ED322C1D7C20090537A /* Info.plist */,
			);
			path = "Meetup SpotTests";
			sourceTree = "<group>";
		};
/* End PBXGroup section */

/* Begin PBXNativeTarget section */
		8A1B6EB822C1D7C10090537A /* Meetup Spot */ = {
			isa = PBXNativeTarget;
			buildConfigurationList = 8A1B6ED622C1D7C30090537A /* Build configuration list for PBXNativeTarget "Meetup Spot" */;
			buildPhases = (
				8A1B6EB522C1D7C10090537A /* Sources */,
				8A1B6EB622C1D7C10090537A /* Frameworks */,
				8A1B6EB722C1D7C10090537A /* Resources */,
			);
			buildRules = (
			);
			dependencies = (
			);
			name = "Meetup Spot";
			productName = "Meetup Spot";
			productReference = 8A1B6EB922C1D7C10090537A /* Meetup Spot.app */;
			productType = "com.apple.product-type.application";
		};
		8A1B6ECC22C1D7C20090537A /* Meetup SpotTests */ = {
			isa = PBXNativeTarget;
			buildConfigurationList = 8A1B6ED922C1D7C30090537A /* Build configuration list for PBXNativeTarget "Meetup SpotTests" */;
			buildPhases = (
				8A1B6EC922C1D7C20090537A /* Sources */,
				8A1B6ECA22C1D7C20090537A /* Frameworks */,
				8A1B6ECB22C1D7C20090537A /* Resources */,
			);
			buildRules = (
			);
			dependencies = (
				8A1B6ECF22C1D7C20090537A /* PBXTargetDependency */,
			);
			name = "Meetup SpotTests";
			productName = "Meetup SpotTests";
			productReference = 8A1B6ECD22C1D7C20090537A /* Meetup SpotTests.xctest */;
			productType = "com.apple.product-type.bundle.unit-test";
		};
/* End PBXNativeTarget section */

/* Begin PBXProject section */
		8A1B6EB122C1D7C10090537A /* Project object */ = {
			isa = PBXProject;
			attributes = {
				LastSwiftUpdateCheck = 1020;
				LastUpgradeCheck = 1020;
				ORGANIZATIONNAME = "Javon Davis";
				TargetAttributes = {
					8A1B6EB822C1D7C10090537A = {
						CreatedOnToolsVersion = 10.2.1;
					};
					8A1B6ECC22C1D7C20090537A = {
						CreatedOnToolsVersion = 10.2.1;
						TestTargetID = 8A1B6EB822C1D7C10090537A;
					};
				};
			};
			buildConfigurationList = 8A1B6EB422C1D7C10090537A /* Build configuration list for PBXProject "Meetup Spot" */;
			compatibilityVersion = "Xcode 9.3";
			developmentRegion = en;
			hasScannedForEncodings = 0;
			knownRegions = (
				en,
				Base,
			);
			mainGroup = 8A1B6EB022C1D7C10090537A;
			productRefGroup = 8A1B6EBA22C1D7C10090537A /* Products */;
			projectDirPath = "";
			projectRoot = "";
			targets = (
				8A1B6EB822C1D7C10090537A /* Meetup Spot */,
				8A1B6ECC22C1D7C20090537A /* Meetup SpotTests */,
			);
		};
/* End PBXProject section */

/* Begin PBXResourcesBuildPhase section */
		8A1B6EB722C1D7C10090537A /* Resources */ = {
			isa = PBXResourcesBuildPhase;
			buildActionMask = 2147483647;
			files = (
				8A1B6EC722C1D7C20090537A /* LaunchScreen.storyboard in Resources */,
				8A1B6EC422C1D7C20090537A /* Assets.xcassets in Resources */,
				8A1B6EC222C1D7C10090537A /* Main.storyboard in Resources */,
			);
			runOnlyForDeploymentPostprocessing = 0;
		};
		8A1B6ECB22C1D7C20090537A /* Resources */ = {
			isa = PBXResourcesBuildPhase;
			buildActionMask = 2147483647;
			files = (
			);
			runOnlyForDeploymentPostprocessing = 0;
		};
/* End PBXResourcesBuildPhase section */

/* Begin PBXSourcesBuildPhase section */
		8A1B6EB522C1D7C10090537A /* Sources */ = {
			isa = PBXSourcesBuildPhase;
			buildActionMask = 2147483647;
			files = (
				8A1AACD622C32A0300F24E31 /* SearchResultTableViewCell.swift in Sources */,
				8A1AACD822C4453A00F24E31 /* LocationChoiceTableViewCell.swift in Sources */,
				8A1B6EBF22C1D7C10090537A /* HomeViewController.swift in Sources */,
				8A1B6EDD22C1D88B0090537A /* DataManager.swift in Sources */,
				8A1B6EBD22C1D7C10090537A /* AppDelegate.swift in Sources */,
				8A1AACCD22C31C2C00F24E31 /* SelfSizedTableView.swift in Sources */,
				8A1AACC922C30D2B00F24E31 /* LocationSearchViewController.swift in Sources */,
				8A1AACD022C31F3500F24E31 /* UITableView+Utils.swift in Sources */,
			);
			runOnlyForDeploymentPostprocessing = 0;
		};
		8A1B6EC922C1D7C20090537A /* Sources */ = {
			isa = PBXSourcesBuildPhase;
			buildActionMask = 2147483647;
			files = (
				8A1B6ED222C1D7C20090537A /* Meetup_SpotTests.swift in Sources */,
			);
			runOnlyForDeploymentPostprocessing = 0;
		};
/* End PBXSourcesBuildPhase section */

/* Begin PBXTargetDependency section */
		8A1B6ECF22C1D7C20090537A /* PBXTargetDependency */ = {
			isa = PBXTargetDependency;
			target = 8A1B6EB822C1D7C10090537A /* Meetup Spot */;
			targetProxy = 8A1B6ECE22C1D7C20090537A /* PBXContainerItemProxy */;
		};
/* End PBXTargetDependency section */

/* Begin PBXVariantGroup section */
		8A1B6EC022C1D7C10090537A /* Main.storyboard */ = {
			isa = PBXVariantGroup;
			children = (
				8A1B6EC122C1D7C10090537A /* Base */,
			);
			name = Main.storyboard;
			sourceTree = "<group>";
		};
		8A1B6EC522C1D7C20090537A /* LaunchScreen.storyboard */ = {
			isa = PBXVariantGroup;
			children = (
				8A1B6EC622C1D7C20090537A /* Base */,
			);
			name = LaunchScreen.storyboard;
			sourceTree = "<group>";
		};
/* End PBXVariantGroup section */

/* Begin XCBuildConfiguration section */
		8A1B6ED422C1D7C30090537A /* Debug */ = {
			isa = XCBuildConfiguration;
			buildSettings = {
				ALWAYS_SEARCH_USER_PATHS = NO;
				CLANG_ANALYZER_NONNULL = YES;
				CLANG_ANALYZER_NUMBER_OBJECT_CONVERSION = YES_AGGRESSIVE;
				CLANG_CXX_LANGUAGE_STANDARD = "gnu++14";
				CLANG_CXX_LIBRARY = "libc++";
				CLANG_ENABLE_MODULES = YES;
				CLANG_ENABLE_OBJC_ARC = YES;
				CLANG_ENABLE_OBJC_WEAK = YES;
				CLANG_WARN_BLOCK_CAPTURE_AUTORELEASING = YES;
				CLANG_WARN_BOOL_CONVERSION = YES;
				CLANG_WARN_COMMA = YES;
				CLANG_WARN_CONSTANT_CONVERSION = YES;
				CLANG_WARN_DEPRECATED_OBJC_IMPLEMENTATIONS = YES;
				CLANG_WARN_DIRECT_OBJC_ISA_USAGE = YES_ERROR;
				CLANG_WARN_DOCUMENTATION_COMMENTS = YES;
				CLANG_WARN_EMPTY_BODY = YES;
				CLANG_WARN_ENUM_CONVERSION = YES;
				CLANG_WARN_INFINITE_RECURSION = YES;
				CLANG_WARN_INT_CONVERSION = YES;
				CLANG_WARN_NON_LITERAL_NULL_CONVERSION = YES;
				CLANG_WARN_OBJC_IMPLICIT_RETAIN_SELF = YES;
				CLANG_WARN_OBJC_LITERAL_CONVERSION = YES;
				CLANG_WARN_OBJC_ROOT_CLASS = YES_ERROR;
				CLANG_WARN_RANGE_LOOP_ANALYSIS = YES;
				CLANG_WARN_STRICT_PROTOTYPES = YES;
				CLANG_WARN_SUSPICIOUS_MOVE = YES;
				CLANG_WARN_UNGUARDED_AVAILABILITY = YES_AGGRESSIVE;
				CLANG_WARN_UNREACHABLE_CODE = YES;
				CLANG_WARN__DUPLICATE_METHOD_MATCH = YES;
				CODE_SIGN_IDENTITY = "iPhone Developer";
				COPY_PHASE_STRIP = NO;
				DEBUG_INFORMATION_FORMAT = dwarf;
				ENABLE_STRICT_OBJC_MSGSEND = YES;
				ENABLE_TESTABILITY = YES;
				GCC_C_LANGUAGE_STANDARD = gnu11;
				GCC_DYNAMIC_NO_PIC = NO;
				GCC_NO_COMMON_BLOCKS = YES;
				GCC_OPTIMIZATION_LEVEL = 0;
				GCC_PREPROCESSOR_DEFINITIONS = (
					"DEBUG=1",
					"$(inherited)",
				);
				GCC_WARN_64_TO_32_BIT_CONVERSION = YES;
				GCC_WARN_ABOUT_RETURN_TYPE = YES_ERROR;
				GCC_WARN_UNDECLARED_SELECTOR = YES;
				GCC_WARN_UNINITIALIZED_AUTOS = YES_AGGRESSIVE;
				GCC_WARN_UNUSED_FUNCTION = YES;
				GCC_WARN_UNUSED_VARIABLE = YES;
				IPHONEOS_DEPLOYMENT_TARGET = 12.2;
				MTL_ENABLE_DEBUG_INFO = INCLUDE_SOURCE;
				MTL_FAST_MATH = YES;
				ONLY_ACTIVE_ARCH = YES;
				SDKROOT = iphoneos;
				SWIFT_ACTIVE_COMPILATION_CONDITIONS = DEBUG;
				SWIFT_OPTIMIZATION_LEVEL = "-Onone";
			};
			name = Debug;
		};
		8A1B6ED522C1D7C30090537A /* Release */ = {
			isa = XCBuildConfiguration;
			buildSettings = {
				ALWAYS_SEARCH_USER_PATHS = NO;
				CLANG_ANALYZER_NONNULL = YES;
				CLANG_ANALYZER_NUMBER_OBJECT_CONVERSION = YES_AGGRESSIVE;
				CLANG_CXX_LANGUAGE_STANDARD = "gnu++14";
				CLANG_CXX_LIBRARY = "libc++";
				CLANG_ENABLE_MODULES = YES;
				CLANG_ENABLE_OBJC_ARC = YES;
				CLANG_ENABLE_OBJC_WEAK = YES;
				CLANG_WARN_BLOCK_CAPTURE_AUTORELEASING = YES;
				CLANG_WARN_BOOL_CONVERSION = YES;
				CLANG_WARN_COMMA = YES;
				CLANG_WARN_CONSTANT_CONVERSION = YES;
				CLANG_WARN_DEPRECATED_OBJC_IMPLEMENTATIONS = YES;
				CLANG_WARN_DIRECT_OBJC_ISA_USAGE = YES_ERROR;
				CLANG_WARN_DOCUMENTATION_COMMENTS = YES;
				CLANG_WARN_EMPTY_BODY = YES;
				CLANG_WARN_ENUM_CONVERSION = YES;
				CLANG_WARN_INFINITE_RECURSION = YES;
				CLANG_WARN_INT_CONVERSION = YES;
				CLANG_WARN_NON_LITERAL_NULL_CONVERSION = YES;
				CLANG_WARN_OBJC_IMPLICIT_RETAIN_SELF = YES;
				CLANG_WARN_OBJC_LITERAL_CONVERSION = YES;
				CLANG_WARN_OBJC_ROOT_CLASS = YES_ERROR;
				CLANG_WARN_RANGE_LOOP_ANALYSIS = YES;
				CLANG_WARN_STRICT_PROTOTYPES = YES;
				CLANG_WARN_SUSPICIOUS_MOVE = YES;
				CLANG_WARN_UNGUARDED_AVAILABILITY = YES_AGGRESSIVE;
				CLANG_WARN_UNREACHABLE_CODE = YES;
				CLANG_WARN__DUPLICATE_METHOD_MATCH = YES;
				CODE_SIGN_IDENTITY = "iPhone Developer";
				COPY_PHASE_STRIP = NO;
				DEBUG_INFORMATION_FORMAT = "dwarf-with-dsym";
				ENABLE_NS_ASSERTIONS = NO;
				ENABLE_STRICT_OBJC_MSGSEND = YES;
				GCC_C_LANGUAGE_STANDARD = gnu11;
				GCC_NO_COMMON_BLOCKS = YES;
				GCC_WARN_64_TO_32_BIT_CONVERSION = YES;
				GCC_WARN_ABOUT_RETURN_TYPE = YES_ERROR;
				GCC_WARN_UNDECLARED_SELECTOR = YES;
				GCC_WARN_UNINITIALIZED_AUTOS = YES_AGGRESSIVE;
				GCC_WARN_UNUSED_FUNCTION = YES;
				GCC_WARN_UNUSED_VARIABLE = YES;
				IPHONEOS_DEPLOYMENT_TARGET = 12.2;
				MTL_ENABLE_DEBUG_INFO = NO;
				MTL_FAST_MATH = YES;
				SDKROOT = iphoneos;
				SWIFT_COMPILATION_MODE = wholemodule;
				SWIFT_OPTIMIZATION_LEVEL = "-O";
				VALIDATE_PRODUCT = YES;
			};
			name = Release;
		};
		8A1B6ED722C1D7C30090537A /* Debug */ = {
			isa = XCBuildConfiguration;
			buildSettings = {
				ASSETCATALOG_COMPILER_APPICON_NAME = AppIcon;
				CODE_SIGN_STYLE = Automatic;
				DEVELOPMENT_TEAM = W52FYE629M;
				INFOPLIST_FILE = "Meetup Spot/Info.plist";
				LD_RUNPATH_SEARCH_PATHS = (
					"$(inherited)",
					"@executable_path/Frameworks",
				);
				PRODUCT_BUNDLE_IDENTIFIER = "com.javondavis.Meetup-Spot";
				PRODUCT_NAME = "$(TARGET_NAME)";
				SWIFT_VERSION = 5.0;
				TARGETED_DEVICE_FAMILY = "1,2";
			};
			name = Debug;
		};
		8A1B6ED822C1D7C30090537A /* Release */ = {
			isa = XCBuildConfiguration;
			buildSettings = {
				ASSETCATALOG_COMPILER_APPICON_NAME = AppIcon;
				CODE_SIGN_STYLE = Automatic;
				DEVELOPMENT_TEAM = W52FYE629M;
				INFOPLIST_FILE = "Meetup Spot/Info.plist";
				LD_RUNPATH_SEARCH_PATHS = (
					"$(inherited)",
					"@executable_path/Frameworks",
				);
				PRODUCT_BUNDLE_IDENTIFIER = "com.javondavis.Meetup-Spot";
				PRODUCT_NAME = "$(TARGET_NAME)";
				SWIFT_VERSION = 5.0;
				TARGETED_DEVICE_FAMILY = "1,2";
			};
			name = Release;
		};
		8A1B6EDA22C1D7C30090537A /* Debug */ = {
			isa = XCBuildConfiguration;
			buildSettings = {
				ALWAYS_EMBED_SWIFT_STANDARD_LIBRARIES = YES;
				BUNDLE_LOADER = "$(TEST_HOST)";
				CODE_SIGN_STYLE = Automatic;
				DEVELOPMENT_TEAM = W52FYE629M;
				INFOPLIST_FILE = "Meetup SpotTests/Info.plist";
				LD_RUNPATH_SEARCH_PATHS = (
					"$(inherited)",
					"@executable_path/Frameworks",
					"@loader_path/Frameworks",
				);
				PRODUCT_BUNDLE_IDENTIFIER = "com.javondavis.Meetup-SpotTests";
				PRODUCT_NAME = "$(TARGET_NAME)";
				SWIFT_VERSION = 5.0;
				TARGETED_DEVICE_FAMILY = "1,2";
				TEST_HOST = "$(BUILT_PRODUCTS_DIR)/Meetup Spot.app/Meetup Spot";
			};
			name = Debug;
		};
		8A1B6EDB22C1D7C30090537A /* Release */ = {
			isa = XCBuildConfiguration;
			buildSettings = {
				ALWAYS_EMBED_SWIFT_STANDARD_LIBRARIES = YES;
				BUNDLE_LOADER = "$(TEST_HOST)";
				CODE_SIGN_STYLE = Automatic;
				DEVELOPMENT_TEAM = W52FYE629M;
				INFOPLIST_FILE = "Meetup SpotTests/Info.plist";
				LD_RUNPATH_SEARCH_PATHS = (
					"$(inherited)",
					"@executable_path/Frameworks",
					"@loader_path/Frameworks",
				);
				PRODUCT_BUNDLE_IDENTIFIER = "com.javondavis.Meetup-SpotTests";
				PRODUCT_NAME = "$(TARGET_NAME)";
				SWIFT_VERSION = 5.0;
				TARGETED_DEVICE_FAMILY = "1,2";
				TEST_HOST = "$(BUILT_PRODUCTS_DIR)/Meetup Spot.app/Meetup Spot";
			};
			name = Release;
		};
/* End XCBuildConfiguration section */

/* Begin XCConfigurationList section */
		8A1B6EB422C1D7C10090537A /* Build configuration list for PBXProject "Meetup Spot" */ = {
			isa = XCConfigurationList;
			buildConfigurations = (
				8A1B6ED422C1D7C30090537A /* Debug */,
				8A1B6ED522C1D7C30090537A /* Release */,
			);
			defaultConfigurationIsVisible = 0;
			defaultConfigurationName = Release;
		};
		8A1B6ED622C1D7C30090537A /* Build configuration list for PBXNativeTarget "Meetup Spot" */ = {
			isa = XCConfigurationList;
			buildConfigurations = (
				8A1B6ED722C1D7C30090537A /* Debug */,
				8A1B6ED822C1D7C30090537A /* Release */,
			);
			defaultConfigurationIsVisible = 0;
			defaultConfigurationName = Release;
		};
		8A1B6ED922C1D7C30090537A /* Build configuration list for PBXNativeTarget "Meetup SpotTests" */ = {
			isa = XCConfigurationList;
			buildConfigurations = (
				8A1B6EDA22C1D7C30090537A /* Debug */,
				8A1B6EDB22C1D7C30090537A /* Release */,
			);
			defaultConfigurationIsVisible = 0;
			defaultConfigurationName = Release;
		};
/* End XCConfigurationList section */
	};
	rootObject = 8A1B6EB122C1D7C10090537A /* Project object */;
}
